
Microsoft Visual Studio Solution File, Format Version 12.00
# Visual Studio Version 16
VisualStudioVersion = 16.0.30011.22
MinimumVisualStudioVersion = 10.0.40219.1
Project("{FAE04EC0-301F-11D3-BF4B-00C04F79EFBC}") = "SalesWebMvc", "SalesWebMvc\SalesWebMvc.csproj", "{AD3F7A41-0159-4909-B7DF-DA8637FBF8B7}"
EndProject
Global
	GlobalSection(SolutionConfigurationPlatforms) = preSolution
		Debug|Any CPU = Debug|Any CPU
		Release|Any CPU = Release|Any CPU
	EndGlobalSection
	GlobalSection(ProjectConfigurationPlatforms) = postSolution
		{AD3F7A41-0159-4909-B7DF-DA8637FBF8B7}.Debug|Any CPU.ActiveCfg = Debug|Any CPU
		{AD3F7A41-0159-4909-B7DF-DA8637FBF8B7}.Debug|Any CPU.Build.0 = Debug|Any CPU
		{AD3F7A41-0159-4909-B7DF-DA8637FBF8B7}.Release|Any CPU.ActiveCfg = Release|Any CPU
		{AD3F7A41-0159-4909-B7DF-DA8637FBF8B7}.Release|Any CPU.Build.0 = Release|Any CPU
	EndGlobalSection
	GlobalSection(SolutionProperties) = preSolution
		HideSolutionNode = FALSE
	EndGlobalSection
	GlobalSection(ExtensibilityGlobals) = postSolution
		SolutionGuid = {54667AF3-8487-49E7-A7BC-C9D903C908D3}
	EndGlobalSection
EndGlobal
